<?xml version="1.0" encoding="utf-8"?>
<Project ToolsVersion="4.0" xmlns="http://schemas.microsoft.com/developer/msbuild/2003">
  <ItemGroup>
    <Filter Include="Source Files">
      <UniqueIdentifier>{7a2f31cc-df11-49ef-a50a-89d2ab5749a4}</UniqueIdentifier>
      <Extensions>cpp;c;cxx;rc;def;r;odl;idl;hpj;bat</Extensions>
    </Filter>
    <Filter Include="Header Files">
      <UniqueIdentifier>{f1387468-dc2d-419e-9686-5c631ee9b1ac}</UniqueIdentifier>
      <Extensions>h;hpp;hxx;hm;inl</Extensions>
    </Filter>
    <Filter Include="Resource Files">
      <UniqueIdentifier>{65f82931-3cc7-4541-b403-70aee45e4718}</UniqueIdentifier>
      <Extensions>ico;cur;bmp;dlg;rc2;rct;bin;rgs;gif;jpg;jpeg;jpe</Extensions>
    </Filter>
  </ItemGroup>
  <ItemGroup>
    <ClCompile Include="stdafx.cpp">
      <Filter>Source Files</Filter>
    </ClCompile>
    <ClCompile Include="wdevnetlib.cpp">
      <Filter>Source Files</Filter>
    </ClCompile>
    <ClCompile Include="wdevinitconfig.cpp">
      <Filter>Source Files</Filter>
    </ClCompile>
    <ClCompile Include="wdevinitquit.cpp">
      <Filter>Source Files</Filter>
    </ClCompile>
    <ClCompile Include="wdevmain.cpp">
      <Filter>Source Files</Filter>
    </ClCompile>
    <ClCompile Include="wdevfoo_lirc.cpp">
      <Filter>Source Files</Filter>
    </ClCompile>
  </ItemGroup>
  <ItemGroup>
    <ClInclude Include="resource.h">
      <Filter>Header Files</Filter>
    </ClInclude>
    <ClInclude Include="stdafx.h">
      <Filter>Header Files</Filter>
    </ClInclude>
    <ClInclude Include="wdevnetlib.h">
      <Filter>Header Files</Filter>
    </ClInclude>
    <ClInclude Include="wdevinitconfig.h">
      <Filter>Header Files</Filter>
    </ClInclude>
    <ClInclude Include="wdevinitquit.h">
      <Filter>Header Files</Filter>
    </ClInclude>
    <ClInclude Include="wdevfoo_lirc.h">
      <Filter>Header Files</Filter>
    </ClInclude>
  </ItemGroup>
  <ItemGroup>
    <ResourceCompile Include="foo_lirc.rc">
      <Filter>Resource Files</Filter>
    </ResourceCompile>
  </ItemGroup>
  <ItemGroup>
    <None Include="res\dll.ico">
      <Filter>Resource Files</Filter>
    </None>
  </ItemGroup>
</Project>